
Microsoft Visual Studio Solution File, Format Version 12.00
# Visual Studio Version 17
VisualStudioVersion = 17.11.35303.130
MinimumVisualStudioVersion = 10.0.40219.1
Project("{9A19103F-16F7-4668-BE54-9A1E7A4F7556}") = "MAUI", "MAUI\MAUI.csproj", "{845ACA55-8C12-4EA4-B0D6-0408E48B0C45}"
EndProject
Project("{FAE04EC0-301F-11D3-BF4B-00C04F79EFBC}") = "ENT", "ENT\ENT.csproj", "{F592CDD3-955C-4492-8BBB-1BE11C9E4D6E}"
EndProject
Project("{FAE04EC0-301F-11D3-BF4B-00C04F79EFBC}") = "DAL", "DAL\DAL.csproj", "{EC984183-A68A-45BD-A3E6-43C1847176E5}"
EndProject
Project("{FAE04EC0-301F-11D3-BF4B-00C04F79EFBC}") = "BL", "BL\BL.csproj", "{A24FE4F7-8D19-4574-9D56-04C3F383F7DD}"
EndProject
Project("{FAE04EC0-301F-11D3-BF4B-00C04F79EFBC}") = "DTO", "DTO\DTO.csproj", "{C10FC37A-EF4F-454A-91AC-AD1BE21A8D91}"
EndProject
Global
	GlobalSection(SolutionConfigurationPlatforms) = preSolution
		Debug|Any CPU = Debug|Any CPU
		Release|Any CPU = Release|Any CPU
	EndGlobalSection
	GlobalSection(ProjectConfigurationPlatforms) = postSolution
		{845ACA55-8C12-4EA4-B0D6-0408E48B0C45}.Debug|Any CPU.ActiveCfg = Debug|Any CPU
		{845ACA55-8C12-4EA4-B0D6-0408E48B0C45}.Debug|Any CPU.Build.0 = Debug|Any CPU
		{845ACA55-8C12-4EA4-B0D6-0408E48B0C45}.Debug|Any CPU.Deploy.0 = Debug|Any CPU
		{845ACA55-8C12-4EA4-B0D6-0408E48B0C45}.Release|Any CPU.ActiveCfg = Release|Any CPU
		{845ACA55-8C12-4EA4-B0D6-0408E48B0C45}.Release|Any CPU.Build.0 = Release|Any CPU
		{845ACA55-8C12-4EA4-B0D6-0408E48B0C45}.Release|Any CPU.Deploy.0 = Release|Any CPU
		{F592CDD3-955C-4492-8BBB-1BE11C9E4D6E}.Debug|Any CPU.ActiveCfg = Debug|Any CPU
		{F592CDD3-955C-4492-8BBB-1BE11C9E4D6E}.Debug|Any CPU.Build.0 = Debug|Any CPU
		{F592CDD3-955C-4492-8BBB-1BE11C9E4D6E}.Release|Any CPU.ActiveCfg = Release|Any CPU
		{F592CDD3-955C-4492-8BBB-1BE11C9E4D6E}.Release|Any CPU.Build.0 = Release|Any CPU
		{EC984183-A68A-45BD-A3E6-43C1847176E5}.Debug|Any CPU.ActiveCfg = Debug|Any CPU
		{EC984183-A68A-45BD-A3E6-43C1847176E5}.Debug|Any CPU.Build.0 = Debug|Any CPU
		{EC984183-A68A-45BD-A3E6-43C1847176E5}.Release|Any CPU.ActiveCfg = Release|Any CPU
		{EC984183-A68A-45BD-A3E6-43C1847176E5}.Release|Any CPU.Build.0 = Release|Any CPU
		{A24FE4F7-8D19-4574-9D56-04C3F383F7DD}.Debug|Any CPU.ActiveCfg = Debug|Any CPU
		{A24FE4F7-8D19-4574-9D56-04C3F383F7DD}.Debug|Any CPU.Build.0 = Debug|Any CPU
		{A24FE4F7-8D19-4574-9D56-04C3F383F7DD}.Release|Any CPU.ActiveCfg = Release|Any CPU
		{A24FE4F7-8D19-4574-9D56-04C3F383F7DD}.Release|Any CPU.Build.0 = Release|Any CPU
		{C10FC37A-EF4F-454A-91AC-AD1BE21A8D91}.Debug|Any CPU.ActiveCfg = Debug|Any CPU
		{C10FC37A-EF4F-454A-91AC-AD1BE21A8D91}.Debug|Any CPU.Build.0 = Debug|Any CPU
		{C10FC37A-EF4F-454A-91AC-AD1BE21A8D91}.Release|Any CPU.ActiveCfg = Release|Any CPU
		{C10FC37A-EF4F-454A-91AC-AD1BE21A8D91}.Release|Any CPU.Build.0 = Release|Any CPU
	EndGlobalSection
	GlobalSection(SolutionProperties) = preSolution
		HideSolutionNode = FALSE
	EndGlobalSection
	GlobalSection(ExtensibilityGlobals) = postSolution
		SolutionGuid = {95EA6369-AE56-4728-B4E9-BE135618F350}
	EndGlobalSection
EndGlobal
